Microsoft Visual Studio Solution File, Format Version 12.00
# Visual Studio Version 17
VisualStudioVersion = 17.5.2.0
MinimumVisualStudioVersion = 10.0.40219.1
Project("{FAE04EC0-301F-11D3-BF4B-00C04F79EFBC}") = "SVMStudio", "SVMStudio.csproj", "{7D098093-6C54-B807-6CEA-A160FB1DCE30}"
EndProject
Global
	GlobalSection(SolutionConfigurationPlatforms) = preSolution
		Debug|Any CPU = Debug|Any CPU
		Release|Any CPU = Release|Any CPU
	EndGlobalSection
	GlobalSection(ProjectConfigurationPlatforms) = postSolution
		{7D098093-6C54-B807-6CEA-A160FB1DCE30}.Debug|Any CPU.ActiveCfg = Debug|Any CPU
		{7D098093-6C54-B807-6CEA-A160FB1DCE30}.Debug|Any CPU.Build.0 = Debug|Any CPU
		{7D098093-6C54-B807-6CEA-A160FB1DCE30}.Release|Any CPU.ActiveCfg = Release|Any CPU
		{7D098093-6C54-B807-6CEA-A160FB1DCE30}.Release|Any CPU.Build.0 = Release|Any CPU
	EndGlobalSection
	GlobalSection(SolutionProperties) = preSolution
		HideSolutionNode = FALSE
	EndGlobalSection
	GlobalSection(ExtensibilityGlobals) = postSolution
		SolutionGuid = {7A981FFD-B765-4E0E-97F2-6A6DA06EFFCD}
	EndGlobalSection
EndGlobal
